# This file is automatically @generated by Cargo.
# It is not intended for manual editing.
version = 3

[[package]]
name = "pdfkit-adapters"
version = "0.1.0"

[[package]]
name = "pdfkit-chunk"
version = "0.1.0"

[[package]]
name = "pdfkit-cli"
version = "0.1.0"

[[package]]
name = "pdfkit-core"
version = "0.1.0"

[[package]]
name = "pdfkit-edit"
version = "0.1.0"

[[package]]
name = "pdfkit-ocr"
version = "0.1.0"

[[package]]
name = "pdfkit-render"
version = "0.1.0"

[[package]]
name = "pdfkit-wasm"
version = "0.1.0"
